
Microsoft Visual Studio Solution File, Format Version 12.00
# Visual Studio 15
VisualStudioVersion = 15.0.27428.2043
MinimumVisualStudioVersion = 10.0.40219.1
Project("{FAE04EC0-301F-11D3-BF4B-00C04F79EFBC}") = "LineCalendarGenerator", "LineCalendarGenerator\LineCalendarGenerator.csproj", "{E09776E3-2F36-4E70-9C71-1B5F361CA291}"
EndProject
Global
	GlobalSection(SolutionConfigurationPlatforms) = preSolution
		Debug|Any CPU = Debug|Any CPU
		Release|Any CPU = Release|Any CPU
	EndGlobalSection
	GlobalSection(ProjectConfigurationPlatforms) = postSolution
		{E09776E3-2F36-4E70-9C71-1B5F361CA291}.Debug|Any CPU.ActiveCfg = Debug|Any CPU
		{E09776E3-2F36-4E70-9C71-1B5F361CA291}.Debug|Any CPU.Build.0 = Debug|Any CPU
		{E09776E3-2F36-4E70-9C71-1B5F361CA291}.Release|Any CPU.ActiveCfg = Release|Any CPU
		{E09776E3-2F36-4E70-9C71-1B5F361CA291}.Release|Any CPU.Build.0 = Release|Any CPU
	EndGlobalSection
	GlobalSection(SolutionProperties) = preSolution
		HideSolutionNode = FALSE
	EndGlobalSection
	GlobalSection(ExtensibilityGlobals) = postSolution
		SolutionGuid = {D7DC58EE-F652-401C-AE2A-C612E42F26C4}
	EndGlobalSection
EndGlobal
